[[package]]
name = "about-time"
version = "3.1.1"
description = "Easily measure timing and throughput of code blocks, with beautiful human friendly representations."
category = "main"
optional = false
python-versions = "*"

[[package]]
name = "alive-progress"
version = "2.3.1"
description = "A new kind of Progress Bar, with real-time throughput, ETA, and very cool animations!"
category = "main"
optional = false
python-versions = ">=3.7, <4"

[package.dependencies]
about-time = "3.1.1"
grapheme = "0.6.0"

[[package]]
name = "grapheme"
version = "0.6.0"
description = "Unicode grapheme helpers"
category = "main"
optional = false
python-versions = "*"

[package.extras]
test = ["pytest", "sphinx", "sphinx-autobuild", "wheel", "twine"]

[metadata]
lock-version = "1.1"
python-versions = "^3.9"
content-hash = "551900d0a07b08ece20c6470f0929c52524a77a05f293f6e9b630ba6edc335ea"

[metadata.files]
about-time = [
    {file = "about-time-3.1.1.tar.gz", hash = "sha256:586b329450c9387d1ae8c42d2db4f5b4c57a54508d0f1b7bb00322ffd5ce9f9b"},
    {file = "about_time-3.1.1-py3-none-any.whl", hash = "sha256:96841beb3f9b5de1cbb323d2bdb0fa9abdecbc46f2d546b9b3c2483d23daa17a"},
]
alive-progress = [
    {file = "alive-progress-2.3.1.tar.gz", hash = "sha256:21b2808a25120e8c795115ca3f103c28bde89c3e8edb225736786a14e1c19f6b"},
    {file = "alive_progress-2.3.1-py3-none-any.whl", hash = "sha256:42c80dc3367c9e2b7332b2329b1b09f3b403894dc06fd08913d6c40f04637215"},
]
grapheme = [
    {file = "grapheme-0.6.0.tar.gz", hash = "sha256:44c2b9f21bbe77cfb05835fec230bd435954275267fea1858013b102f8603cca"},
]
